
Microsoft Visual Studio Solution File, Format Version 12.00
# Visual Studio Version 17
VisualStudioVersion = 17.9.34414.90
MinimumVisualStudioVersion = 10.0.40219.1
Project("{FAE04EC0-301F-11D3-BF4B-00C04F79EFBC}") = "MyCalcLib", "MyCalcLib.csproj", "{AC2EBDEE-47A2-4C4C-946D-8B2C05E6DBD7}"
EndProject
Project("{FAE04EC0-301F-11D3-BF4B-00C04F79EFBC}") = "MyCalcLib.Test", "..\MyCalcLib.Test\MyCalcLib.Test.csproj", "{CB46EBF6-2BF7-472D-8807-CC887CFFD89E}"
EndProject
Project("{2150E333-8FDC-42A3-9474-1A3956D46DE8}") = "MyCalcXUnitTest", "MyCalcXUnitTest", "{FE199166-D9D0-4E0A-AD20-BB2A32F3AE3D}"
EndProject
Global
	GlobalSection(SolutionConfigurationPlatforms) = preSolution
		Debug|Any CPU = Debug|Any CPU
		Release|Any CPU = Release|Any CPU
	EndGlobalSection
	GlobalSection(ProjectConfigurationPlatforms) = postSolution
		{AC2EBDEE-47A2-4C4C-946D-8B2C05E6DBD7}.Debug|Any CPU.ActiveCfg = Debug|Any CPU
		{AC2EBDEE-47A2-4C4C-946D-8B2C05E6DBD7}.Debug|Any CPU.Build.0 = Debug|Any CPU
		{AC2EBDEE-47A2-4C4C-946D-8B2C05E6DBD7}.Release|Any CPU.ActiveCfg = Release|Any CPU
		{AC2EBDEE-47A2-4C4C-946D-8B2C05E6DBD7}.Release|Any CPU.Build.0 = Release|Any CPU
		{CB46EBF6-2BF7-472D-8807-CC887CFFD89E}.Debug|Any CPU.ActiveCfg = Debug|Any CPU
		{CB46EBF6-2BF7-472D-8807-CC887CFFD89E}.Debug|Any CPU.Build.0 = Debug|Any CPU
		{CB46EBF6-2BF7-472D-8807-CC887CFFD89E}.Release|Any CPU.ActiveCfg = Release|Any CPU
		{CB46EBF6-2BF7-472D-8807-CC887CFFD89E}.Release|Any CPU.Build.0 = Release|Any CPU
	EndGlobalSection
	GlobalSection(SolutionProperties) = preSolution
		HideSolutionNode = FALSE
	EndGlobalSection
	GlobalSection(NestedProjects) = preSolution
		{AC2EBDEE-47A2-4C4C-946D-8B2C05E6DBD7} = {FE199166-D9D0-4E0A-AD20-BB2A32F3AE3D}
		{CB46EBF6-2BF7-472D-8807-CC887CFFD89E} = {FE199166-D9D0-4E0A-AD20-BB2A32F3AE3D}
	EndGlobalSection
	GlobalSection(ExtensibilityGlobals) = postSolution
		SolutionGuid = {637C3D77-8E14-481C-846D-CD971838D58F}
	EndGlobalSection
EndGlobal
